<?xml version="1.0" encoding="utf-8"?>
<Project ToolsVersion="4.0" xmlns="http://schemas.microsoft.com/developer/msbuild/2003">
  <ItemGroup>
    <Filter Include="Source Files">
      <UniqueIdentifier>{4FC737F1-C7A5-4376-A066-2A32D752A2FF}</UniqueIdentifier>
      <Extensions>cpp;c;cc;cxx;c++;cppm;ixx;def;odl;idl;hpj;bat;asm;asmx</Extensions>
    </Filter>
    <Filter Include="Header Files">
      <UniqueIdentifier>{93995380-89BD-4b04-88EB-625FBE52EBFB}</UniqueIdentifier>
      <Extensions>h;hh;hpp;hxx;h++;hm;inl;inc;ipp;xsd</Extensions>
    </Filter>
    <Filter Include="Resource Files">
      <UniqueIdentifier>{67DA6AB6-F800-4c08-8B7A-83BB121AAD01}</UniqueIdentifier>
      <Extensions>rc;ico;cur;bmp;dlg;rc2;rct;bin;rgs;gif;jpg;jpeg;jpe;resx;tiff;tif;png;wav;mfcribbon-ms</Extensions>
    </Filter>
  </ItemGroup>
  <ItemGroup>
    <ClCompile Include="src\obc\DenseLayer.cpp">
      <Filter>Source Files</Filter>
    </ClCompile>
    <ClCompile Include="src\obc\Network.cpp">
      <Filter>Source Files</Filter>
    </ClCompile>
    <ClCompile Include="src\main.cpp">
      <Filter>Source Files</Filter>
    </ClCompile>
    <ClCompile Include="src\obc\example models\Xor.cpp">
      <Filter>Source Files</Filter>
    </ClCompile>
    <ClCompile Include="src\obc\example models\SerializationExample.cpp">
      <Filter>Source Files</Filter>
    </ClCompile>
    <ClCompile Include="src\obc\ConvolutionalLayer.cpp">
      <Filter>Source Files</Filter>
    </ClCompile>
    <ClCompile Include="src\obc\example models\TestConvoModel.cpp">
      <Filter>Source Files</Filter>
    </ClCompile>
    <ClCompile Include="src\obc\ActivationLayer.cpp">
      <Filter>Source Files</Filter>
    </ClCompile>
    <ClCompile Include="src\obc\example models\MNIST\TrainMnist.cpp">
      <Filter>Source Files</Filter>
    </ClCompile>
    <ClCompile Include="src\obc\example models\MNIST\MnistDataHandler.cpp">
      <Filter>Source Files</Filter>
    </ClCompile>
  </ItemGroup>
  <ItemGroup>
    <ClInclude Include="include\crow_all.h">
      <Filter>Header Files</Filter>
    </ClInclude>
    <ClInclude Include="src\obc\Layer.h">
      <Filter>Header Files</Filter>
    </ClInclude>
    <ClInclude Include="src\obc\DenseLayer.h">
      <Filter>Header Files</Filter>
    </ClInclude>
    <ClInclude Include="src\obc\ActivationLayer.h">
      <Filter>Header Files</Filter>
    </ClInclude>
    <ClInclude Include="src\obc\ActivationFunctions.h">
      <Filter>Header Files</Filter>
    </ClInclude>
    <ClInclude Include="src\obc\Network.h">
      <Filter>Header Files</Filter>
    </ClInclude>
    <ClInclude Include="src\obc\cuda utilities\cublas_utils.h">
      <Filter>Header Files</Filter>
    </ClInclude>
    <ClInclude Include="src\obc\cuda utilities\cuda_ops.h">
      <Filter>Header Files</Filter>
    </ClInclude>
    <ClInclude Include="src\obc\Error.h">
      <Filter>Header Files</Filter>
    </ClInclude>
    <ClInclude Include="src\obc\example models\Xor.h">
      <Filter>Header Files</Filter>
    </ClInclude>
    <ClInclude Include="include\cereal\archives\adapters.hpp">
      <Filter>Header Files</Filter>
    </ClInclude>
    <ClInclude Include="include\cereal\archives\binary.hpp">
      <Filter>Header Files</Filter>
    </ClInclude>
    <ClInclude Include="include\cereal\archives\json.hpp">
      <Filter>Header Files</Filter>
    </ClInclude>
    <ClInclude Include="include\cereal\archives\portable_binary.hpp">
      <Filter>Header Files</Filter>
    </ClInclude>
    <ClInclude Include="include\cereal\archives\xml.hpp">
      <Filter>Header Files</Filter>
    </ClInclude>
    <ClInclude Include="include\cereal\details\helpers.hpp">
      <Filter>Header Files</Filter>
    </ClInclude>
    <ClInclude Include="include\cereal\details\polymorphic_impl.hpp">
      <Filter>Header Files</Filter>
    </ClInclude>
    <ClInclude Include="include\cereal\details\polymorphic_impl_fwd.hpp">
      <Filter>Header Files</Filter>
    </ClInclude>
    <ClInclude Include="include\cereal\details\static_object.hpp">
      <Filter>Header Files</Filter>
    </ClInclude>
    <ClInclude Include="include\cereal\details\traits.hpp">
      <Filter>Header Files</Filter>
    </ClInclude>
    <ClInclude Include="include\cereal\details\util.hpp">
      <Filter>Header Files</Filter>
    </ClInclude>
    <ClInclude Include="include\cereal\external\rapidjson\error\en.h">
      <Filter>Header Files</Filter>
    </ClInclude>
    <ClInclude Include="include\cereal\external\rapidjson\error\error.h">
      <Filter>Header Files</Filter>
    </ClInclude>
    <ClInclude Include="include\cereal\external\rapidjson\internal\biginteger.h">
      <Filter>Header Files</Filter>
    </ClInclude>
    <ClInclude Include="include\cereal\external\rapidjson\internal\diyfp.h">
      <Filter>Header Files</Filter>
    </ClInclude>
    <ClInclude Include="include\cereal\external\rapidjson\internal\dtoa.h">
      <Filter>Header Files</Filter>
    </ClInclude>
    <ClInclude Include="include\cereal\external\rapidjson\internal\ieee754.h">
      <Filter>Header Files</Filter>
    </ClInclude>
    <ClInclude Include="include\cereal\external\rapidjson\internal\itoa.h">
      <Filter>Header Files</Filter>
    </ClInclude>
    <ClInclude Include="include\cereal\external\rapidjson\internal\meta.h">
      <Filter>Header Files</Filter>
    </ClInclude>
    <ClInclude Include="include\cereal\external\rapidjson\internal\pow10.h">
      <Filter>Header Files</Filter>
    </ClInclude>
    <ClInclude Include="include\cereal\external\rapidjson\internal\regex.h">
      <Filter>Header Files</Filter>
    </ClInclude>
    <ClInclude Include="include\cereal\external\rapidjson\internal\stack.h">
      <Filter>Header Files</Filter>
    </ClInclude>
    <ClInclude Include="include\cereal\external\rapidjson\internal\strfunc.h">
      <Filter>Header Files</Filter>
    </ClInclude>
    <ClInclude Include="include\cereal\external\rapidjson\internal\strtod.h">
      <Filter>Header Files</Filter>
    </ClInclude>
    <ClInclude Include="include\cereal\external\rapidjson\internal\swap.h">
      <Filter>Header Files</Filter>
    </ClInclude>
    <ClInclude Include="include\cereal\external\rapidjson\msinttypes\inttypes.h">
      <Filter>Header Files</Filter>
    </ClInclude>
    <ClInclude Include="include\cereal\external\rapidjson\msinttypes\stdint.h">
      <Filter>Header Files</Filter>
    </ClInclude>
    <ClInclude Include="include\cereal\external\rapidjson\allocators.h">
      <Filter>Header Files</Filter>
    </ClInclude>
    <ClInclude Include="include\cereal\external\rapidjson\cursorstreamwrapper.h">
      <Filter>Header Files</Filter>
    </ClInclude>
    <ClInclude Include="include\cereal\external\rapidjson\document.h">
      <Filter>Header Files</Filter>
    </ClInclude>
    <ClInclude Include="include\cereal\external\rapidjson\encodedstream.h">
      <Filter>Header Files</Filter>
    </ClInclude>
    <ClInclude Include="include\cereal\external\rapidjson\encodings.h">
      <Filter>Header Files</Filter>
    </ClInclude>
    <ClInclude Include="include\cereal\external\rapidjson\filereadstream.h">
      <Filter>Header Files</Filter>
    </ClInclude>
    <ClInclude Include="include\cereal\external\rapidjson\filewritestream.h">
      <Filter>Header Files</Filter>
    </ClInclude>
    <ClInclude Include="include\cereal\external\rapidjson\fwd.h">
      <Filter>Header Files</Filter>
    </ClInclude>
    <ClInclude Include="include\cereal\external\rapidjson\istreamwrapper.h">
      <Filter>Header Files</Filter>
    </ClInclude>
    <ClInclude Include="include\cereal\external\rapidjson\memorybuffer.h">
      <Filter>Header Files</Filter>
    </ClInclude>
    <ClInclude Include="include\cereal\external\rapidjson\memorystream.h">
      <Filter>Header Files</Filter>
    </ClInclude>
    <ClInclude Include="include\cereal\external\rapidjson\ostreamwrapper.h">
      <Filter>Header Files</Filter>
    </ClInclude>
    <ClInclude Include="include\cereal\external\rapidjson\pointer.h">
      <Filter>Header Files</Filter>
    </ClInclude>
    <ClInclude Include="include\cereal\external\rapidjson\prettywriter.h">
      <Filter>Header Files</Filter>
    </ClInclude>
    <ClInclude Include="include\cereal\external\rapidjson\rapidjson.h">
      <Filter>Header Files</Filter>
    </ClInclude>
    <ClInclude Include="include\cereal\external\rapidjson\reader.h">
      <Filter>Header Files</Filter>
    </ClInclude>
    <ClInclude Include="include\cereal\external\rapidjson\schema.h">
      <Filter>Header Files</Filter>
    </ClInclude>
    <ClInclude Include="include\cereal\external\rapidjson\stream.h">
      <Filter>Header Files</Filter>
    </ClInclude>
    <ClInclude Include="include\cereal\external\rapidjson\stringbuffer.h">
      <Filter>Header Files</Filter>
    </ClInclude>
    <ClInclude Include="include\cereal\external\rapidjson\writer.h">
      <Filter>Header Files</Filter>
    </ClInclude>
    <ClInclude Include="include\cereal\external\rapidxml\rapidxml.hpp">
      <Filter>Header Files</Filter>
    </ClInclude>
    <ClInclude Include="include\cereal\external\rapidxml\rapidxml_iterators.hpp">
      <Filter>Header Files</Filter>
    </ClInclude>
    <ClInclude Include="include\cereal\external\rapidxml\rapidxml_print.hpp">
      <Filter>Header Files</Filter>
    </ClInclude>
    <ClInclude Include="include\cereal\external\rapidxml\rapidxml_utils.hpp">
      <Filter>Header Files</Filter>
    </ClInclude>
    <ClInclude Include="include\cereal\external\base64.hpp">
      <Filter>Header Files</Filter>
    </ClInclude>
    <ClInclude Include="include\cereal\types\concepts\pair_associative_container.hpp">
      <Filter>Header Files</Filter>
    </ClInclude>
    <ClInclude Include="include\cereal\types\array.hpp">
      <Filter>Header Files</Filter>
    </ClInclude>
    <ClInclude Include="include\cereal\types\atomic.hpp">
      <Filter>Header Files</Filter>
    </ClInclude>
    <ClInclude Include="include\cereal\types\base_class.hpp">
      <Filter>Header Files</Filter>
    </ClInclude>
    <ClInclude Include="include\cereal\types\bitset.hpp">
      <Filter>Header Files</Filter>
    </ClInclude>
    <ClInclude Include="include\cereal\types\boost_variant.hpp">
      <Filter>Header Files</Filter>
    </ClInclude>
    <ClInclude Include="include\cereal\types\chrono.hpp">
      <Filter>Header Files</Filter>
    </ClInclude>
    <ClInclude Include="include\cereal\types\common.hpp">
      <Filter>Header Files</Filter>
    </ClInclude>
    <ClInclude Include="include\cereal\types\complex.hpp">
      <Filter>Header Files</Filter>
    </ClInclude>
    <ClInclude Include="include\cereal\types\deque.hpp">
      <Filter>Header Files</Filter>
    </ClInclude>
    <ClInclude Include="include\cereal\types\forward_list.hpp">
      <Filter>Header Files</Filter>
    </ClInclude>
    <ClInclude Include="include\cereal\types\functional.hpp">
      <Filter>Header Files</Filter>
    </ClInclude>
    <ClInclude Include="include\cereal\types\list.hpp">
      <Filter>Header Files</Filter>
    </ClInclude>
    <ClInclude Include="include\cereal\types\map.hpp">
      <Filter>Header Files</Filter>
    </ClInclude>
    <ClInclude Include="include\cereal\types\memory.hpp">
      <Filter>Header Files</Filter>
    </ClInclude>
    <ClInclude Include="include\cereal\types\optional.hpp">
      <Filter>Header Files</Filter>
    </ClInclude>
    <ClInclude Include="include\cereal\types\polymorphic.hpp">
      <Filter>Header Files</Filter>
    </ClInclude>
    <ClInclude Include="include\cereal\types\queue.hpp">
      <Filter>Header Files</Filter>
    </ClInclude>
    <ClInclude Include="include\cereal\types\set.hpp">
      <Filter>Header Files</Filter>
    </ClInclude>
    <ClInclude Include="include\cereal\types\stack.hpp">
      <Filter>Header Files</Filter>
    </ClInclude>
    <ClInclude Include="include\cereal\types\string.hpp">
      <Filter>Header Files</Filter>
    </ClInclude>
    <ClInclude Include="include\cereal\types\tuple.hpp">
      <Filter>Header Files</Filter>
    </ClInclude>
    <ClInclude Include="include\cereal\types\unordered_map.hpp">
      <Filter>Header Files</Filter>
    </ClInclude>
    <ClInclude Include="include\cereal\types\unordered_set.hpp">
      <Filter>Header Files</Filter>
    </ClInclude>
    <ClInclude Include="include\cereal\types\utility.hpp">
      <Filter>Header Files</Filter>
    </ClInclude>
    <ClInclude Include="include\cereal\types\valarray.hpp">
      <Filter>Header Files</Filter>
    </ClInclude>
    <ClInclude Include="include\cereal\types\variant.hpp">
      <Filter>Header Files</Filter>
    </ClInclude>
    <ClInclude Include="include\cereal\types\vector.hpp">
      <Filter>Header Files</Filter>
    </ClInclude>
    <ClInclude Include="include\cereal\access.hpp">
      <Filter>Header Files</Filter>
    </ClInclude>
    <ClInclude Include="include\cereal\cereal.hpp">
      <Filter>Header Files</Filter>
    </ClInclude>
    <ClInclude Include="include\cereal\macros.hpp">
      <Filter>Header Files</Filter>
    </ClInclude>
    <ClInclude Include="include\cereal\specialize.hpp">
      <Filter>Header Files</Filter>
    </ClInclude>
    <ClInclude Include="include\cereal\version.hpp">
      <Filter>Header Files</Filter>
    </ClInclude>
    <ClInclude Include="src\obc\example models\SerializationExample.h">
      <Filter>Header Files</Filter>
    </ClInclude>
    <ClInclude Include="src\obc\Serialization.h">
      <Filter>Header Files</Filter>
    </ClInclude>
    <ClInclude Include="src\obc\ConvolutionalLayer.h">
      <Filter>Header Files</Filter>
    </ClInclude>
    <ClInclude Include="src\obc\example models\TestConvoModel.h">
      <Filter>Header Files</Filter>
    </ClInclude>
    <ClInclude Include="src\obc\example models\MNIST\TrainMNIST.h">
      <Filter>Header Files</Filter>
    </ClInclude>
    <ClInclude Include="src\obc\example models\MNIST\MnistDataHandler.h">
      <Filter>Header Files</Filter>
    </ClInclude>
    <ClInclude Include="src\obc\MaxPoolingLayer.h">
      <Filter>Header Files</Filter>
    </ClInclude>
  </ItemGroup>
  <ItemGroup>
    <None Include="vcpkg.json" />
    <None Include="include\cereal\external\rapidxml\manual.html" />
    <None Include="src\obc\example models\MNIST\t10k-images.idx3-ubyte" />
    <None Include="src\obc\example models\MNIST\t10k-labels.idx1-ubyte" />
    <None Include="src\obc\example models\MNIST\train-images.idx3-ubyte" />
    <None Include="src\obc\example models\MNIST\train-labels.idx1-ubyte" />
  </ItemGroup>
  <ItemGroup>
    <CudaCompile Include="src\obc\cuda utilities\cuda_ops.cu" />
  </ItemGroup>
</Project>